lockfileVersion: '6.0'

settings:
  autoInstallPeers: true
  excludeLinksFromLockfile: false

devDependencies:
  '@types/mocha':
    specifier: ^10.0.6
    version: 10.0.6
  '@types/node':
    specifier: 18.x
    version: 18.19.19
  '@types/vscode':
    specifier: ^1.86.0
    version: 1.86.0
  '@vscode/test-cli':
    specifier: ^0.0.6
    version: 0.0.6
  '@vscode/test-electron':
    specifier: ^2.3.9
    version: 2.3.9
  eslint:
    specifier: ^8.56.0
    version: 8.57.0
  typescript:
    specifier: ^5.3.3
    version: 5.3.3

packages:

  /@aashutoshrathi/word-wrap@1.2.6:
    resolution: {integrity: sha1-vZFUrsmYP3ezoDTsqgFcLkIB9s8=}
    engines: {node: '>=0.10.0'}
    dev: true

  /@bcoe/v8-coverage@0.2.3:
    resolution: {integrity: sha1-daLotRy3WKdVPWgEpZMteqznXDk=}
    dev: true

  /@eslint-community/eslint-utils@4.4.0(eslint@8.57.0):
    resolution: {integrity: sha1-ojUU6Pua8SadX3eIqlVnmNYca1k=}
    engines: {node: ^12.22.0 || ^14.17.0 || >=16.0.0}
    peerDependencies:
      eslint: ^6.0.0 || ^7.0.0 || >=8.0.0
    dependencies:
      eslint: 8.57.0
      eslint-visitor-keys: 3.4.3
    dev: true

  /@eslint-community/regexpp@4.10.0:
    resolution: {integrity: sha1-VI9t5VaFfIu3O77nDDXcgqLnTWM=}
    engines: {node: ^12.0.0 || ^14.0.0 || >=16.0.0}
    dev: true

  /@eslint/eslintrc@2.1.4:
    resolution: {integrity: sha1-OIomnw8lwbatwxe1osVXFIlMcK0=}
    engines: {node: ^12.22.0 || ^14.17.0 || >=16.0.0}
    dependencies:
      ajv: 6.12.6
      debug: 4.3.4(supports-color@8.1.1)
      espree: 9.6.1
      globals: 13.24.0
      ignore: 5.3.1
      import-fresh: 3.3.0
      js-yaml: 4.1.0
      minimatch: 3.1.2
      strip-json-comments: 3.1.1
    transitivePeerDependencies:
      - supports-color
    dev: true

  /@eslint/js@8.57.0:
    resolution: {integrity: sha1-pUF66EJ4c/HdCLcLNXS0U+Z7X38=}
    engines: {node: ^12.22.0 || ^14.17.0 || >=16.0.0}
    dev: true

  /@humanwhocodes/config-array@0.11.14:
    resolution: {integrity: sha1-145IGgOfdWbsyWYLTqf+ax/sRCs=}
    engines: {node: '>=10.10.0'}
    dependencies:
      '@humanwhocodes/object-schema': 2.0.2
      debug: 4.3.4(supports-color@8.1.1)
      minimatch: 3.1.2
    transitivePeerDependencies:
      - supports-color
    dev: true

  /@humanwhocodes/module-importer@1.0.1:
    resolution: {integrity: sha1-r1smkaIrRL6EewyoFkHF+2rQFyw=}
    engines: {node: '>=12.22'}
    dev: true

  /@humanwhocodes/object-schema@2.0.2:
    resolution: {integrity: sha1-2frgCi1ctA+Sz+ZLR610n7w4+Rc=}
    dev: true

  /@isaacs/cliui@8.0.2:
    resolution: {integrity: sha1-s3Znt7wYHBaHgiWbq0JHT79StVA=}
    engines: {node: '>=12'}
    dependencies:
      string-width: 5.1.2
      string-width-cjs: /string-width@4.2.3
      strip-ansi: 7.1.0
      strip-ansi-cjs: /strip-ansi@6.0.1
      wrap-ansi: 8.1.0
      wrap-ansi-cjs: /wrap-ansi@7.0.0
    dev: true

  /@istanbuljs/schema@0.1.3:
    resolution: {integrity: sha1-5F44TkuOwWvOL9kDr3hFD2v37Jg=}
    engines: {node: '>=8'}
    dev: true

  /@jridgewell/resolve-uri@3.1.2:
    resolution: {integrity: sha1-eg7mAfYPmaIMfHxf8MgDiMEYm9Y=}
    engines: {node: '>=6.0.0'}
    dev: true

  /@jridgewell/sourcemap-codec@1.4.15:
    resolution: {integrity: sha1-18bmdVx4VnqVHgSrUu8P0m3lnzI=}
    dev: true

  /@jridgewell/trace-mapping@0.3.23:
    resolution: {integrity: sha1-r8loR/PweEFHfzA+7Wh3B6WqzYA=}
    dependencies:
      '@jridgewell/resolve-uri': 3.1.2
      '@jridgewell/sourcemap-codec': 1.4.15
    dev: true

  /@nodelib/fs.scandir@2.1.5:
    resolution: {integrity: sha1-dhnC6yGyVIP20WdUi0z9WnSIw9U=}
    engines: {node: '>= 8'}
    dependencies:
      '@nodelib/fs.stat': 2.0.5
      run-parallel: 1.2.0
    dev: true

  /@nodelib/fs.stat@2.0.5:
    resolution: {integrity: sha1-W9Jir5Tp0lvR5xsF3u1Eh2oiLos=}
    engines: {node: '>= 8'}
    dev: true

  /@nodelib/fs.walk@1.2.8:
    resolution: {integrity: sha1-6Vc36LtnRt3t9pxVaVNJTxlv5po=}
    engines: {node: '>= 8'}
    dependencies:
      '@nodelib/fs.scandir': 2.1.5
      fastq: 1.17.1
    dev: true

  /@pkgjs/parseargs@0.11.0:
    resolution: {integrity: sha1-p36nQvqyV3UUVDTrHSMoz1ATrDM=}
    engines: {node: '>=14'}
    requiresBuild: true
    dev: true
    optional: true

  /@tootallnate/once@1.1.2:
    resolution: {integrity: sha1-zLkURTYBeaBOf+av94wA/8Hur4I=}
    engines: {node: '>= 6'}
    dev: true

  /@types/istanbul-lib-coverage@2.0.6:
    resolution: {integrity: sha1-dznCMqH+6bTTzomF8xTAxtM1Sdc=}
    dev: true

  /@types/mocha@10.0.6:
    resolution: {integrity: sha1-gYVR05ETCBBIvd2++WcBtOi7nRs=}
    dev: true

  /@types/node@18.19.19:
    resolution: {integrity: sha1-/ovb+FaDpGGtaF6tUqV6su4jFeQ=}
    dependencies:
      undici-types: 5.26.5
    dev: true

  /@types/vscode@1.86.0:
    resolution: {integrity: sha1-XV8jMTeyflHXrRRiYAAFdBKWNXo=}
    dev: true

  /@ungap/structured-clone@1.2.0:
    resolution: {integrity: sha1-dWZBrbWHhRtcyz4JXa8nrlgchAY=}
    dev: true

  /@vscode/test-cli@0.0.6:
    resolution: {integrity: sha1-E/6GkCsuivP5tn/3z2ZFPqDCSZk=}
    hasBin: true
    dependencies:
      '@types/mocha': 10.0.6
      c8: 9.1.0
      chokidar: 3.6.0
      enhanced-resolve: 5.15.1
      glob: 10.3.10
      minimatch: 9.0.3
      mocha: 10.3.0
      supports-color: 9.4.0
      yargs: 17.7.2
    dev: true

  /@vscode/test-electron@2.3.9:
    resolution: {integrity: sha1-9hGBOSY0tAhBHkMCrvbhzS3UFHQ=}
    engines: {node: '>=16'}
    dependencies:
      http-proxy-agent: 4.0.1
      https-proxy-agent: 5.0.1
      jszip: 3.10.1
      semver: 7.6.0
    transitivePeerDependencies:
      - supports-color
    dev: true

  /acorn-jsx@5.3.2(acorn@8.11.3):
    resolution: {integrity: sha1-ftW7VZCLOy8bxVxq8WU7rafweTc=}
    peerDependencies:
      acorn: ^6.0.0 || ^7.0.0 || ^8.0.0
    dependencies:
      acorn: 8.11.3
    dev: true

  /acorn@8.11.3:
    resolution: {integrity: sha1-ceCxThOk7BYHJLOPt7DyM7G4HXo=}
    engines: {node: '>=0.4.0'}
    hasBin: true
    dev: true

  /agent-base@6.0.2:
    resolution: {integrity: sha1-Sf/1hXfP7j83F2/qtMIuAPhtf3c=}
    engines: {node: '>= 6.0.0'}
    dependencies:
      debug: 4.3.4(supports-color@8.1.1)
    transitivePeerDependencies:
      - supports-color
    dev: true

  /ajv@6.12.6:
    resolution: {integrity: sha1-uvWmLoArB9l3A0WG+MO69a3ybfQ=}
    dependencies:
      fast-deep-equal: 3.1.3
      fast-json-stable-stringify: 2.1.0
      json-schema-traverse: 0.4.1
      uri-js: 4.4.1
    dev: true

  /ansi-colors@4.1.1:
    resolution: {integrity: sha1-y7muJWv3UK8eqzRPIpqif+lLo0g=}
    engines: {node: '>=6'}
    dev: true

  /ansi-regex@5.0.1:
    resolution: {integrity: sha1-CCyyyJyf6GWaMRpTvWpNxTAdswQ=}
    engines: {node: '>=8'}
    dev: true

  /ansi-regex@6.0.1:
    resolution: {integrity: sha1-MYPjj66aZdfLXlOUXNWJfQJgoGo=}
    engines: {node: '>=12'}
    dev: true

  /ansi-styles@4.3.0:
    resolution: {integrity: sha1-7dgDYornHATIWuegkG7a00tkiTc=}
    engines: {node: '>=8'}
    dependencies:
      color-convert: 2.0.1
    dev: true

  /ansi-styles@6.2.1:
    resolution: {integrity: sha1-DmIyDPmcIa//OzASGSVGqsv7BcU=}
    engines: {node: '>=12'}
    dev: true

  /anymatch@3.1.3:
    resolution: {integrity: sha1-eQxYsZuhcgqEIFtXxhjVrYUklz4=}
    engines: {node: '>= 8'}
    dependencies:
      normalize-path: 3.0.0
      picomatch: 2.3.1
    dev: true

  /argparse@2.0.1:
    resolution: {integrity: sha1-JG9Q88p4oyQPbJl+ipvR6sSeSzg=}
    dev: true

  /balanced-match@1.0.2:
    resolution: {integrity: sha1-6D46fj8wCzTLnYf2FfoMvzV2kO4=}
    dev: true

  /binary-extensions@2.2.0:
    resolution: {integrity: sha1-dfUC7q+f/eQvyYgpZFvk6na9ni0=}
    engines: {node: '>=8'}
    dev: true

  /brace-expansion@1.1.11:
    resolution: {integrity: sha1-PH/L9SnYcibz0vUrlm/1Jx60Qd0=}
    dependencies:
      balanced-match: 1.0.2
      concat-map: 0.0.1
    dev: true

  /brace-expansion@2.0.1:
    resolution: {integrity: sha1-HtxFng8MVISG7Pn8mfIiE2S5oK4=}
    dependencies:
      balanced-match: 1.0.2
    dev: true

  /braces@3.0.2:
    resolution: {integrity: sha1-NFThpGLujVmeI23zNs2epPiv4Qc=}
    engines: {node: '>=8'}
    dependencies:
      fill-range: 7.0.1
    dev: true

  /browser-stdout@1.3.1:
    resolution: {integrity: sha1-uqVZ7hTO1zRSIputcyZGfGH6vWA=}
    dev: true

  /c8@9.1.0:
    resolution: {integrity: sha1-Dle6Ornllgqx1lC0qG9x5Ty2gRI=}
    engines: {node: '>=14.14.0'}
    hasBin: true
    dependencies:
      '@bcoe/v8-coverage': 0.2.3
      '@istanbuljs/schema': 0.1.3
      find-up: 5.0.0
      foreground-child: 3.1.1
      istanbul-lib-coverage: 3.2.2
      istanbul-lib-report: 3.0.1
      istanbul-reports: 3.1.7
      test-exclude: 6.0.0
      v8-to-istanbul: 9.2.0
      yargs: 17.7.2
      yargs-parser: 21.1.1
    dev: true

  /callsites@3.1.0:
    resolution: {integrity: sha1-s2MKvYlDQy9Us/BRkjjjPNffL3M=}
    engines: {node: '>=6'}
    dev: true

  /camelcase@6.3.0:
    resolution: {integrity: sha1-VoW5XrIJrJwMF3Rnd4ychN9Yupo=}
    engines: {node: '>=10'}
    dev: true

  /chalk@4.1.2:
    resolution: {integrity: sha1-qsTit3NKdAhnrrFr8CqtVWoeegE=}
    engines: {node: '>=10'}
    dependencies:
      ansi-styles: 4.3.0
      supports-color: 7.2.0
    dev: true

  /chokidar@3.5.3:
    resolution: {integrity: sha1-HPN8hwe5Mr0a8a4iwEMuKs0ZA70=}
    engines: {node: '>= 8.10.0'}
    dependencies:
      anymatch: 3.1.3
      braces: 3.0.2
      glob-parent: 5.1.2
      is-binary-path: 2.1.0
      is-glob: 4.0.3
      normalize-path: 3.0.0
      readdirp: 3.6.0
    optionalDependencies:
      fsevents: 2.3.3
    dev: true

  /chokidar@3.6.0:
    resolution: {integrity: sha1-GXxsxmnvKo3F57TZfuTgksPrDVs=}
    engines: {node: '>= 8.10.0'}
    dependencies:
      anymatch: 3.1.3
      braces: 3.0.2
      glob-parent: 5.1.2
      is-binary-path: 2.1.0
      is-glob: 4.0.3
      normalize-path: 3.0.0
      readdirp: 3.6.0
    optionalDependencies:
      fsevents: 2.3.3
    dev: true

  /cliui@7.0.4:
    resolution: {integrity: sha1-oCZe5lVHb8gHrqnfPfjfd4OAi08=}
    dependencies:
      string-width: 4.2.3
      strip-ansi: 6.0.1
      wrap-ansi: 7.0.0
    dev: true

  /cliui@8.0.1:
    resolution: {integrity: sha1-DASwddsCy/5g3I5s8vVIaxo2CKo=}
    engines: {node: '>=12'}
    dependencies:
      string-width: 4.2.3
      strip-ansi: 6.0.1
      wrap-ansi: 7.0.0
    dev: true

  /color-convert@2.0.1:
    resolution: {integrity: sha1-ctOmjVmMm9s68q0ehPIdiWq9TeM=}
    engines: {node: '>=7.0.0'}
    dependencies:
      color-name: 1.1.4
    dev: true

  /color-name@1.1.4:
    resolution: {integrity: sha1-wqCah6y95pVD3m9j+jmVyCbFNqI=}
    dev: true

  /concat-map@0.0.1:
    resolution: {integrity: sha1-2Klr13/Wjfd5OnMDajug1UBdR3s=}
    dev: true

  /convert-source-map@2.0.0:
    resolution: {integrity: sha1-S1YPZJ/E6RjdCrdc9JYei8iC2Co=}
    dev: true

  /core-util-is@1.0.3:
    resolution: {integrity: sha1-pgQtNjTCsn6TKPg3uWX6yDgI24U=}
    dev: true

  /cross-spawn@7.0.3:
    resolution: {integrity: sha1-9zqFudXUHQRVUcF34ogtSshXKKY=}
    engines: {node: '>= 8'}
    dependencies:
      path-key: 3.1.1
      shebang-command: 2.0.0
      which: 2.0.2
    dev: true

  /debug@4.3.4(supports-color@8.1.1):
    resolution: {integrity: sha1-Exn2V5NX8jONMzfSzdSRS7XcyGU=}
    engines: {node: '>=6.0'}
    peerDependencies:
      supports-color: '*'
    peerDependenciesMeta:
      supports-color:
        optional: true
    dependencies:
      ms: 2.1.2
      supports-color: 8.1.1
    dev: true

  /decamelize@4.0.0:
    resolution: {integrity: sha1-qkcte/Zg6xXzSU79UxyrfypwmDc=}
    engines: {node: '>=10'}
    dev: true

  /deep-is@0.1.4:
    resolution: {integrity: sha1-pvLc5hL63S7x9Rm3NVHxfoUZmDE=}
    dev: true

  /diff@5.0.0:
    resolution: {integrity: sha1-ftatdthZ0DB4fsNYVfWx2vMdhSs=}
    engines: {node: '>=0.3.1'}
    dev: true

  /doctrine@3.0.0:
    resolution: {integrity: sha1-rd6+rXKmV023g2OdyHoSF3OXOWE=}
    engines: {node: '>=6.0.0'}
    dependencies:
      esutils: 2.0.3
    dev: true

  /eastasianwidth@0.2.0:
    resolution: {integrity: sha1-aWzi7Aqg5uqTo5f/zySqeEDIJ8s=}
    dev: true

  /emoji-regex@8.0.0:
    resolution: {integrity: sha1-6Bj9ac5cz8tARZT4QpY79TFkzDc=}
    dev: true

  /emoji-regex@9.2.2:
    resolution: {integrity: sha1-hAyIA7DYBH9P8M+WMXazLU7z7XI=}
    dev: true

  /enhanced-resolve@5.15.1:
    resolution: {integrity: sha1-OEOR4CXwmeZ7SwC/1/CQakCCFOE=}
    engines: {node: '>=10.13.0'}
    dependencies:
      graceful-fs: 4.2.11
      tapable: 2.2.1
    dev: true

  /escalade@3.1.2:
    resolution: {integrity: sha1-VAdumrKepb89jx7WKs/7uIJy3yc=}
    engines: {node: '>=6'}
    dev: true

  /escape-string-regexp@4.0.0:
    resolution: {integrity: sha1-FLqDpdNz49MR5a/KKc9b+tllvzQ=}
    engines: {node: '>=10'}
    dev: true

  /eslint-scope@7.2.2:
    resolution: {integrity: sha1-3rT5JWM5DzIAaJSvYqItuhxGQj8=}
    engines: {node: ^12.22.0 || ^14.17.0 || >=16.0.0}
    dependencies:
      esrecurse: 4.3.0
      estraverse: 5.3.0
    dev: true

  /eslint-visitor-keys@3.4.3:
    resolution: {integrity: sha1-DNcv6FUOPC6uFWqWpN3c0cisWAA=}
    engines: {node: ^12.22.0 || ^14.17.0 || >=16.0.0}
    dev: true

  /eslint@8.57.0:
    resolution: {integrity: sha1-x4am/Q4LaJQar2JFlvuYcIkZVmg=}
    engines: {node: ^12.22.0 || ^14.17.0 || >=16.0.0}
    hasBin: true
    dependencies:
      '@eslint-community/eslint-utils': 4.4.0(eslint@8.57.0)
      '@eslint-community/regexpp': 4.10.0
      '@eslint/eslintrc': 2.1.4
      '@eslint/js': 8.57.0
      '@humanwhocodes/config-array': 0.11.14
      '@humanwhocodes/module-importer': 1.0.1
      '@nodelib/fs.walk': 1.2.8
      '@ungap/structured-clone': 1.2.0
      ajv: 6.12.6
      chalk: 4.1.2
      cross-spawn: 7.0.3
      debug: 4.3.4(supports-color@8.1.1)
      doctrine: 3.0.0
      escape-string-regexp: 4.0.0
      eslint-scope: 7.2.2
      eslint-visitor-keys: 3.4.3
      espree: 9.6.1
      esquery: 1.5.0
      esutils: 2.0.3
      fast-deep-equal: 3.1.3
      file-entry-cache: 6.0.1
      find-up: 5.0.0
      glob-parent: 6.0.2
      globals: 13.24.0
      graphemer: 1.4.0
      ignore: 5.3.1
      imurmurhash: 0.1.4
      is-glob: 4.0.3
      is-path-inside: 3.0.3
      js-yaml: 4.1.0
      json-stable-stringify-without-jsonify: 1.0.1
      levn: 0.4.1
      lodash.merge: 4.6.2
      minimatch: 3.1.2
      natural-compare: 1.4.0
      optionator: 0.9.3
      strip-ansi: 6.0.1
      text-table: 0.2.0
    transitivePeerDependencies:
      - supports-color
    dev: true

  /espree@9.6.1:
    resolution: {integrity: sha1-oqF7jkNGkKVDLy+AGM5x0zGkjG8=}
    engines: {node: ^12.22.0 || ^14.17.0 || >=16.0.0}
    dependencies:
      acorn: 8.11.3
      acorn-jsx: 5.3.2(acorn@8.11.3)
      eslint-visitor-keys: 3.4.3
    dev: true

  /esquery@1.5.0:
    resolution: {integrity: sha1-bOF3ON6Fd2lO3XNhxXGCrIyw2ws=}
    engines: {node: '>=0.10'}
    dependencies:
      estraverse: 5.3.0
    dev: true

  /esrecurse@4.3.0:
    resolution: {integrity: sha1-eteWTWeauyi+5yzsY3WLHF0smSE=}
    engines: {node: '>=4.0'}
    dependencies:
      estraverse: 5.3.0
    dev: true

  /estraverse@5.3.0:
    resolution: {integrity: sha1-LupSkHAvJquP5TcDcP+GyWXSESM=}
    engines: {node: '>=4.0'}
    dev: true

  /esutils@2.0.3:
    resolution: {integrity: sha1-dNLrTeC42hKTcRkQ1Qd1ubcQ72Q=}
    engines: {node: '>=0.10.0'}
    dev: true

  /fast-deep-equal@3.1.3:
    resolution: {integrity: sha1-On1WtVnWy8PrUSMlJE5hmmXGxSU=}
    dev: true

  /fast-json-stable-stringify@2.1.0:
    resolution: {integrity: sha1-h0v2nG9ATCtdmcSBNBOZ/VWJJjM=}
    dev: true

  /fast-levenshtein@2.0.6:
    resolution: {integrity: sha1-PYpcZog6FqMMqGQ+hR8Zuqd5eRc=}
    dev: true

  /fastq@1.17.1:
    resolution: {integrity: sha1-KlI/B6TnsegaQrkbi/IlQQd1O0c=}
    dependencies:
      reusify: 1.0.4
    dev: true

  /file-entry-cache@6.0.1:
    resolution: {integrity: sha1-IRst2WWcsDlLBz5zI6w8kz1SICc=}
    engines: {node: ^10.12.0 || >=12.0.0}
    dependencies:
      flat-cache: 3.2.0
    dev: true

  /fill-range@7.0.1:
    resolution: {integrity: sha1-GRmmp8df44ssfHflGYU12prN2kA=}
    engines: {node: '>=8'}
    dependencies:
      to-regex-range: 5.0.1
    dev: true

  /find-up@5.0.0:
    resolution: {integrity: sha1-TJKBnstwg1YeT0okCoa+UZj1Nvw=}
    engines: {node: '>=10'}
    dependencies:
      locate-path: 6.0.0
      path-exists: 4.0.0
    dev: true

  /flat-cache@3.2.0:
    resolution: {integrity: sha1-LAwtUEDJmxYydxqdEFclwBFTY+4=}
    engines: {node: ^10.12.0 || >=12.0.0}
    dependencies:
      flatted: 3.3.1
      keyv: 4.5.4
      rimraf: 3.0.2
    dev: true

  /flat@5.0.2:
    resolution: {integrity: sha1-jKb+MyBp/6nTJMMnGYxZglnOskE=}
    hasBin: true
    dev: true

  /flatted@3.3.1:
    resolution: {integrity: sha1-IdtHBymmc01JlwAvQ5yzCJh/Vno=}
    dev: true

  /foreground-child@3.1.1:
    resolution: {integrity: sha1-HRc+d2110ncv7Qjv5KDeHqGxLQ0=}
    engines: {node: '>=14'}
    dependencies:
      cross-spawn: 7.0.3
      signal-exit: 4.1.0
    dev: true

  /fs.realpath@1.0.0:
    resolution: {integrity: sha1-FQStJSMVjKpA20onh8sBQRmU6k8=}
    dev: true

  /fsevents@2.3.3:
    resolution: {integrity: sha1-ysZAd4XQNnWipeGlMFxpezR9kNY=}
    engines: {node: ^8.16.0 || ^10.6.0 || >=11.0.0}
    os: [darwin]
    requiresBuild: true
    dev: true
    optional: true

  /get-caller-file@2.0.5:
    resolution: {integrity: sha1-T5RBKoLbMvNuOwuXQfipf+sDH34=}
    engines: {node: 6.* || 8.* || >= 10.*}
    dev: true

  /glob-parent@5.1.2:
    resolution: {integrity: sha1-hpgyxYA0/mikCTwX3BXoNA2EAcQ=}
    engines: {node: '>= 6'}
    dependencies:
      is-glob: 4.0.3
    dev: true

  /glob-parent@6.0.2:
    resolution: {integrity: sha1-bSN9mQg5UMeSkPJMdkKj3poo+eM=}
    engines: {node: '>=10.13.0'}
    dependencies:
      is-glob: 4.0.3
    dev: true

  /glob@10.3.10:
    resolution: {integrity: sha1-A1HruAn9GH/kIauWr4PTpwcV30s=}
    engines: {node: '>=16 || 14 >=14.17'}
    hasBin: true
    dependencies:
      foreground-child: 3.1.1
      jackspeak: 2.3.6
      minimatch: 9.0.3
      minipass: 7.0.4
      path-scurry: 1.10.1
    dev: true

  /glob@7.2.3:
    resolution: {integrity: sha1-uN8PuAK7+o6JvR2Ti04WV47UTys=}
    dependencies:
      fs.realpath: 1.0.0
      inflight: 1.0.6
      inherits: 2.0.4
      minimatch: 3.1.2
      once: 1.4.0
      path-is-absolute: 1.0.1
    dev: true

  /glob@8.1.0:
    resolution: {integrity: sha1-04j2Vlk+9wjuPjRkD9+5mp/Rwz4=}
    engines: {node: '>=12'}
    dependencies:
      fs.realpath: 1.0.0
      inflight: 1.0.6
      inherits: 2.0.4
      minimatch: 5.0.1
      once: 1.4.0
    dev: true

  /globals@13.24.0:
    resolution: {integrity: sha1-hDKhnXjODB6DOUnDats0VAC7EXE=}
    engines: {node: '>=8'}
    dependencies:
      type-fest: 0.20.2
    dev: true

  /graceful-fs@4.2.11:
    resolution: {integrity: sha1-QYPk6L8Iu24Fu7L30uDI9xLKQOM=}
    dev: true

  /graphemer@1.4.0:
    resolution: {integrity: sha1-+y8dVeDjoYSa7/yQxPoN1ToOZsY=}
    dev: true

  /has-flag@4.0.0:
    resolution: {integrity: sha1-lEdx/ZyByBJlxNaUGGDaBrtZR5s=}
    engines: {node: '>=8'}
    dev: true

  /he@1.2.0:
    resolution: {integrity: sha1-hK5l+n6vsWX922FWauFLrwVmTw8=}
    hasBin: true
    dev: true

  /html-escaper@2.0.2:
    resolution: {integrity: sha1-39YAJ9o2o238viNiYsAKWCJoFFM=}
    dev: true

  /http-proxy-agent@4.0.1:
    resolution: {integrity: sha1-ioyO9/WTLM+VPClsqCkblap0qjo=}
    engines: {node: '>= 6'}
    dependencies:
      '@tootallnate/once': 1.1.2
      agent-base: 6.0.2
      debug: 4.3.4(supports-color@8.1.1)
    transitivePeerDependencies:
      - supports-color
    dev: true

  /https-proxy-agent@5.0.1:
    resolution: {integrity: sha1-xZ7yJKBP6LdU89sAY6Jeow0ABdY=}
    engines: {node: '>= 6'}
    dependencies:
      agent-base: 6.0.2
      debug: 4.3.4(supports-color@8.1.1)
    transitivePeerDependencies:
      - supports-color
    dev: true

  /ignore@5.3.1:
    resolution: {integrity: sha1-UHPlVM1CxbM7OUN19Ti4WT401O8=}
    engines: {node: '>= 4'}
    dev: true

  /immediate@3.0.6:
    resolution: {integrity: sha1-nbHb0Pr43m++D13V5Wu2BigN5ps=}
    dev: true

  /import-fresh@3.3.0:
    resolution: {integrity: sha1-NxYsJfy566oublPVtNiM4X2eDCs=}
    engines: {node: '>=6'}
    dependencies:
      parent-module: 1.0.1
      resolve-from: 4.0.0
    dev: true

  /imurmurhash@0.1.4:
    resolution: {integrity: sha1-khi5srkoojixPcT7a21XbyMUU+o=}
    engines: {node: '>=0.8.19'}
    dev: true

  /inflight@1.0.6:
    resolution: {integrity: sha1-Sb1jMdfQLQwJvJEKEHW6gWW1bfk=}
    dependencies:
      once: 1.4.0
      wrappy: 1.0.2
    dev: true

  /inherits@2.0.4:
    resolution: {integrity: sha1-D6LGT5MpF8NDOg3tVTY6rjdBa3w=}
    dev: true

  /is-binary-path@2.1.0:
    resolution: {integrity: sha1-6h9/O4DwZCNug0cPhsCcJU+0Wwk=}
    engines: {node: '>=8'}
    dependencies:
      binary-extensions: 2.2.0
    dev: true

  /is-extglob@2.1.1:
    resolution: {integrity: sha1-qIwCU1eR8C7TfHahueqXc8gz+MI=}
    engines: {node: '>=0.10.0'}
    dev: true

  /is-fullwidth-code-point@3.0.0:
    resolution: {integrity: sha1-8Rb4Bk/pCz94RKOJl8C3UFEmnx0=}
    engines: {node: '>=8'}
    dev: true

  /is-glob@4.0.3:
    resolution: {integrity: sha1-ZPYeQsu7LuwgcanawLKLoeZdUIQ=}
    engines: {node: '>=0.10.0'}
    dependencies:
      is-extglob: 2.1.1
    dev: true

  /is-number@7.0.0:
    resolution: {integrity: sha1-dTU0W4lnNNX4DE0GxQlVUnoU8Ss=}
    engines: {node: '>=0.12.0'}
    dev: true

  /is-path-inside@3.0.3:
    resolution: {integrity: sha1-0jE2LlOgf/Kw4Op/7QSRYf/RYoM=}
    engines: {node: '>=8'}
    dev: true

  /is-plain-obj@2.1.0:
    resolution: {integrity: sha1-ReQuN/zPH0Dajl927iFRWEDAkoc=}
    engines: {node: '>=8'}
    dev: true

  /is-unicode-supported@0.1.0:
    resolution: {integrity: sha1-PybHaoCVk7Ur+i7LVxDtJ3m1Iqc=}
    engines: {node: '>=10'}
    dev: true

  /isarray@1.0.0:
    resolution: {integrity: sha1-u5NdSFgsuhaMBoNJV6VKPgcSTxE=}
    dev: true

  /isexe@2.0.0:
    resolution: {integrity: sha1-6PvzdNxVb/iUehDcsFctYz8s+hA=}
    dev: true

  /istanbul-lib-coverage@3.2.2:
    resolution: {integrity: sha1-LRZsSwZE1Do58Ev2wu3R5YXzF1Y=}
    engines: {node: '>=8'}
    dev: true

  /istanbul-lib-report@3.0.1:
    resolution: {integrity: sha1-kIMFusmlvRdaxqdEier9D8JEWn0=}
    engines: {node: '>=10'}
    dependencies:
      istanbul-lib-coverage: 3.2.2
      make-dir: 4.0.0
      supports-color: 7.2.0
    dev: true

  /istanbul-reports@3.1.7:
    resolution: {integrity: sha1-2u0SueHcpRjhXAVuHlN+dBKA+gs=}
    engines: {node: '>=8'}
    dependencies:
      html-escaper: 2.0.2
      istanbul-lib-report: 3.0.1
    dev: true

  /jackspeak@2.3.6:
    resolution: {integrity: sha1-ZH7MRyI4ruSwasDkYazCGoxQXKg=}
    engines: {node: '>=14'}
    dependencies:
      '@isaacs/cliui': 8.0.2
    optionalDependencies:
      '@pkgjs/parseargs': 0.11.0
    dev: true

  /js-yaml@4.1.0:
    resolution: {integrity: sha1-wftl+PUBeQHN0slRhkuhhFihBgI=}
    hasBin: true
    dependencies:
      argparse: 2.0.1
    dev: true

  /json-buffer@3.0.1:
    resolution: {integrity: sha1-kziAKjDTtmBfvgYT4JQAjKjAWhM=}
    dev: true

  /json-schema-traverse@0.4.1:
    resolution: {integrity: sha1-afaofZUTq4u4/mO9sJecRI5oRmA=}
    dev: true

  /json-stable-stringify-without-jsonify@1.0.1:
    resolution: {integrity: sha1-nbe1lJatPzz+8wp1FC0tkwrXJlE=}
    dev: true

  /jszip@3.10.1:
    resolution: {integrity: sha1-NK7nDrGOofrsL1iSCKFX0f6wkcI=}
    dependencies:
      lie: 3.3.0
      pako: 1.0.11
      readable-stream: 2.3.8
      setimmediate: 1.0.5
    dev: true

  /keyv@4.5.4:
    resolution: {integrity: sha1-qHmpnilFL5QkOfKkBeOvizHU3pM=}
    dependencies:
      json-buffer: 3.0.1
    dev: true

  /levn@0.4.1:
    resolution: {integrity: sha1-rkViwAdHO5MqYgDUAyaN0v/8at4=}
    engines: {node: '>= 0.8.0'}
    dependencies:
      prelude-ls: 1.2.1
      type-check: 0.4.0
    dev: true

  /lie@3.3.0:
    resolution: {integrity: sha1-3Pgt7lRfRgdNryAMfBxaCOD0D2o=}
    dependencies:
      immediate: 3.0.6
    dev: true

  /locate-path@6.0.0:
    resolution: {integrity: sha1-VTIeswn+u8WcSAHZMackUqaB0oY=}
    engines: {node: '>=10'}
    dependencies:
      p-locate: 5.0.0
    dev: true

  /lodash.merge@4.6.2:
    resolution: {integrity: sha1-VYqlO0O2YeGSWgr9+japoQhf5Xo=}
    dev: true

  /log-symbols@4.1.0:
    resolution: {integrity: sha1-P727lbRoOsn8eFER55LlWNSr1QM=}
    engines: {node: '>=10'}
    dependencies:
      chalk: 4.1.2
      is-unicode-supported: 0.1.0
    dev: true

  /lru-cache@10.2.0:
    resolution: {integrity: sha1-C9RFylc2NGWQD00fm9jbNDpNlcM=}
    engines: {node: 14 || >=16.14}
    dev: true

  /lru-cache@6.0.0:
    resolution: {integrity: sha1-bW/mVw69lqr5D8rR2vo7JWbbOpQ=}
    engines: {node: '>=10'}
    dependencies:
      yallist: 4.0.0
    dev: true

  /make-dir@4.0.0:
    resolution: {integrity: sha1-w8IwencSd82WODBfkVwprnQbYU4=}
    engines: {node: '>=10'}
    dependencies:
      semver: 7.6.0
    dev: true

  /minimatch@3.1.2:
    resolution: {integrity: sha1-Gc0ZS/0+Qo8EmnCBfAONiatL41s=}
    dependencies:
      brace-expansion: 1.1.11
    dev: true

  /minimatch@5.0.1:
    resolution: {integrity: sha1-+5Ai91KBJRh8kr2em2NmvhzzQVs=}
    engines: {node: '>=10'}
    dependencies:
      brace-expansion: 2.0.1
    dev: true

  /minimatch@9.0.3:
    resolution: {integrity: sha1-puAMPeRMOlQr+q5wq/wiQgptqCU=}
    engines: {node: '>=16 || 14 >=14.17'}
    dependencies:
      brace-expansion: 2.0.1
    dev: true

  /minipass@7.0.4:
    resolution: {integrity: sha1-284DdA9QpHhrqZTB+5CIRNJ7A4w=}
    engines: {node: '>=16 || 14 >=14.17'}
    dev: true

  /mocha@10.3.0:
    resolution: {integrity: sha1-DhhcSebcz1ggNcBfqRCEpP9uP+k=}
    engines: {node: '>= 14.0.0'}
    hasBin: true
    dependencies:
      ansi-colors: 4.1.1
      browser-stdout: 1.3.1
      chokidar: 3.5.3
      debug: 4.3.4(supports-color@8.1.1)
      diff: 5.0.0
      escape-string-regexp: 4.0.0
      find-up: 5.0.0
      glob: 8.1.0
      he: 1.2.0
      js-yaml: 4.1.0
      log-symbols: 4.1.0
      minimatch: 5.0.1
      ms: 2.1.3
      serialize-javascript: 6.0.0
      strip-json-comments: 3.1.1
      supports-color: 8.1.1
      workerpool: 6.2.1
      yargs: 16.2.0
      yargs-parser: 20.2.4
      yargs-unparser: 2.0.0
    dev: true

  /ms@2.1.2:
    resolution: {integrity: sha1-0J0fNXtEP0kzgqjrPM0YOHKuYAk=}
    dev: true

  /ms@2.1.3:
    resolution: {integrity: sha1-V0yBOM4dK1hh8LRFedut1gxmFbI=}
    dev: true

  /natural-compare@1.4.0:
    resolution: {integrity: sha1-Sr6/7tdUHywnrPspvbvRXI1bpPc=}
    dev: true

  /normalize-path@3.0.0:
    resolution: {integrity: sha1-Dc1p/yOhybEf0JeDFmRKA4ghamU=}
    engines: {node: '>=0.10.0'}
    dev: true

  /once@1.4.0:
    resolution: {integrity: sha1-WDsap3WWHUsROsF9nFC6753Xa9E=}
    dependencies:
      wrappy: 1.0.2
    dev: true

  /optionator@0.9.3:
    resolution: {integrity: sha1-AHOX1E7Rhy/cbtMTYBkPgYFOLGQ=}
    engines: {node: '>= 0.8.0'}
    dependencies:
      '@aashutoshrathi/word-wrap': 1.2.6
      deep-is: 0.1.4
      fast-levenshtein: 2.0.6
      levn: 0.4.1
      prelude-ls: 1.2.1
      type-check: 0.4.0
    dev: true

  /p-limit@3.1.0:
    resolution: {integrity: sha1-4drMvnjQ0TiMoYxk/qOOPlfjcGs=}
    engines: {node: '>=10'}
    dependencies:
      yocto-queue: 0.1.0
    dev: true

  /p-locate@5.0.0:
    resolution: {integrity: sha1-g8gxXGeFAF470CGDlBHJ4RDm2DQ=}
    engines: {node: '>=10'}
    dependencies:
      p-limit: 3.1.0
    dev: true

  /pako@1.0.11:
    resolution: {integrity: sha1-bJWZ00DVTf05RjgCUqNXBaa5kr8=}
    dev: true

  /parent-module@1.0.1:
    resolution: {integrity: sha1-aR0nCeeMefrjoVZiJFLQB2LKqqI=}
    engines: {node: '>=6'}
    dependencies:
      callsites: 3.1.0
    dev: true

  /path-exists@4.0.0:
    resolution: {integrity: sha1-UTvb4tO5XXdi6METfvoZXGxhtbM=}
    engines: {node: '>=8'}
    dev: true

  /path-is-absolute@1.0.1:
    resolution: {integrity: sha1-F0uSaHNVNP+8es5r9TpanhtcX18=}
    engines: {node: '>=0.10.0'}
    dev: true

  /path-key@3.1.1:
    resolution: {integrity: sha1-WB9q3mWMu6ZaDTOA3ndTKVBU83U=}
    engines: {node: '>=8'}
    dev: true

  /path-scurry@1.10.1:
    resolution: {integrity: sha1-m6a/WqhQD+n9Z99PDZSDsrC/xpg=}
    engines: {node: '>=16 || 14 >=14.17'}
    dependencies:
      lru-cache: 10.2.0
      minipass: 7.0.4
    dev: true

  /picomatch@2.3.1:
    resolution: {integrity: sha1-O6ODNzNkbZ0+SZWUbBNlpn+wekI=}
    engines: {node: '>=8.6'}
    dev: true

  /prelude-ls@1.2.1:
    resolution: {integrity: sha1-3rxkidem5rDnYRiIzsiAM30xY5Y=}
    engines: {node: '>= 0.8.0'}
    dev: true

  /process-nextick-args@2.0.1:
    resolution: {integrity: sha1-eCDZsWEgzFXKmud5JoCufbptf+I=}
    dev: true

  /punycode@2.3.1:
    resolution: {integrity: sha1-AnQi4vrsCyXhVJw+G9gwm5EztuU=}
    engines: {node: '>=6'}
    dev: true

  /queue-microtask@1.2.3:
    resolution: {integrity: sha1-SSkii7xyTfrEPg77BYyve2z7YkM=}
    dev: true

  /randombytes@2.1.0:
    resolution: {integrity: sha1-32+ENy8CcNxlzfYpE0mrekc9Tyo=}
    dependencies:
      safe-buffer: 5.2.1
    dev: true

  /readable-stream@2.3.8:
    resolution: {integrity: sha1-kRJegEK7obmIf0k0X2J3Anzovps=}
    dependencies:
      core-util-is: 1.0.3
      inherits: 2.0.4
      isarray: 1.0.0
      process-nextick-args: 2.0.1
      safe-buffer: 5.1.2
      string_decoder: 1.1.1
      util-deprecate: 1.0.2
    dev: true

  /readdirp@3.6.0:
    resolution: {integrity: sha1-dKNwvYVxFuJFspzJc0DNQxoCpsc=}
    engines: {node: '>=8.10.0'}
    dependencies:
      picomatch: 2.3.1
    dev: true

  /require-directory@2.1.1:
    resolution: {integrity: sha1-jGStX9MNqxyXbiNE/+f3kqam30I=}
    engines: {node: '>=0.10.0'}
    dev: true

  /resolve-from@4.0.0:
    resolution: {integrity: sha1-SrzYUq0y3Xuqv+m0DgCjbbXzkuY=}
    engines: {node: '>=4'}
    dev: true

  /reusify@1.0.4:
    resolution: {integrity: sha1-kNo4Kx4SbvwCFG6QhFqI2xKSXXY=}
    engines: {iojs: '>=1.0.0', node: '>=0.10.0'}
    dev: true

  /rimraf@3.0.2:
    resolution: {integrity: sha1-8aVAK6YiCtUswSgrrBrjqkn9Bho=}
    hasBin: true
    dependencies:
      glob: 7.2.3
    dev: true

  /run-parallel@1.2.0:
    resolution: {integrity: sha1-ZtE2jae9+SHrnZW9GpIp5/IaQ+4=}
    dependencies:
      queue-microtask: 1.2.3
    dev: true

  /safe-buffer@5.1.2:
    resolution: {integrity: sha1-mR7GnSluAxN0fVm9/St0XDX4go0=}
    dev: true

  /safe-buffer@5.2.1:
    resolution: {integrity: sha1-Hq+fqb2x/dTsdfWPnNtOa3gn7sY=}
    dev: true

  /semver@7.6.0:
    resolution: {integrity: sha1-Gkak20v/zM2Xt0O1AFyDJfI9Ti0=}
    engines: {node: '>=10'}
    hasBin: true
    dependencies:
      lru-cache: 6.0.0
    dev: true

  /serialize-javascript@6.0.0:
    resolution: {integrity: sha1-765diPRdeSQUHai1w6en5mP+/rg=}
    dependencies:
      randombytes: 2.1.0
    dev: true

  /setimmediate@1.0.5:
    resolution: {integrity: sha1-KQy7Iy4waULX1+qbg3Mqt4VvgoU=}
    dev: true

  /shebang-command@2.0.0:
    resolution: {integrity: sha1-zNCvT4g1+9wmW4JGGq8MNmY/NOo=}
    engines: {node: '>=8'}
    dependencies:
      shebang-regex: 3.0.0
    dev: true

  /shebang-regex@3.0.0:
    resolution: {integrity: sha1-rhbxZE2HPsrYQ7AwexQzYtTEIXI=}
    engines: {node: '>=8'}
    dev: true

  /signal-exit@4.1.0:
    resolution: {integrity: sha1-lSGIwcvVRgcOLdIND0HArgUwywQ=}
    engines: {node: '>=14'}
    dev: true

  /string-width@4.2.3:
    resolution: {integrity: sha1-JpxxF9J7Ba0uU2gwqOyJXvnG0BA=}
    engines: {node: '>=8'}
    dependencies:
      emoji-regex: 8.0.0
      is-fullwidth-code-point: 3.0.0
      strip-ansi: 6.0.1
    dev: true

  /string-width@5.1.2:
    resolution: {integrity: sha1-FPja7G2B5yIdKjV+Zoyrc728p5Q=}
    engines: {node: '>=12'}
    dependencies:
      eastasianwidth: 0.2.0
      emoji-regex: 9.2.2
      strip-ansi: 7.1.0
    dev: true

  /string_decoder@1.1.1:
    resolution: {integrity: sha1-nPFhG6YmhdcDCunkujQUnDrwP8g=}
    dependencies:
      safe-buffer: 5.1.2
    dev: true

  /strip-ansi@6.0.1:
    resolution: {integrity: sha1-nibGPTD1NEPpSJSVshBdN7Z6hdk=}
    engines: {node: '>=8'}
    dependencies:
      ansi-regex: 5.0.1
    dev: true

  /strip-ansi@7.1.0:
    resolution: {integrity: sha1-1bZWjKaJ2FYTcLBwdoXSJDT6/0U=}
    engines: {node: '>=12'}
    dependencies:
      ansi-regex: 6.0.1
    dev: true

  /strip-json-comments@3.1.1:
    resolution: {integrity: sha1-MfEoGzgyYwQ0gxwxDAHMzajL4AY=}
    engines: {node: '>=8'}
    dev: true

  /supports-color@7.2.0:
    resolution: {integrity: sha1-G33NyzK4E4gBs+R4umpRyqiWSNo=}
    engines: {node: '>=8'}
    dependencies:
      has-flag: 4.0.0
    dev: true

  /supports-color@8.1.1:
    resolution: {integrity: sha1-zW/BfihQDP9WwbhsCn/UpUpzAFw=}
    engines: {node: '>=10'}
    dependencies:
      has-flag: 4.0.0
    dev: true

  /supports-color@9.4.0:
    resolution: {integrity: sha1-F7/PaGKI9THbPeoyFVEGIcy1WVQ=}
    engines: {node: '>=12'}
    dev: true

  /tapable@2.2.1:
    resolution: {integrity: sha1-GWenPvQGCoLxKrlq+G1S/bdu7KA=}
    engines: {node: '>=6'}
    dev: true

  /test-exclude@6.0.0:
    resolution: {integrity: sha1-BKhphmHYBepvopO2y55jrARO8V4=}
    engines: {node: '>=8'}
    dependencies:
      '@istanbuljs/schema': 0.1.3
      glob: 7.2.3
      minimatch: 3.1.2
    dev: true

  /text-table@0.2.0:
    resolution: {integrity: sha1-f17oI66AUgfACvLfSoTsP8+lcLQ=}
    dev: true

  /to-regex-range@5.0.1:
    resolution: {integrity: sha1-FkjESq58jZiKMmAY7XL1tN0DkuQ=}
    engines: {node: '>=8.0'}
    dependencies:
      is-number: 7.0.0
    dev: true

  /type-check@0.4.0:
    resolution: {integrity: sha1-B7ggO/pwVsBlcFDjzNLDdzC6uPE=}
    engines: {node: '>= 0.8.0'}
    dependencies:
      prelude-ls: 1.2.1
    dev: true

  /type-fest@0.20.2:
    resolution: {integrity: sha1-G/IH9LKPkVg2ZstfvTJ4hzAc1fQ=}
    engines: {node: '>=10'}
    dev: true

  /typescript@5.3.3:
    resolution: {integrity: sha1-s85roljnLmMFumb1ybRSqu4//jc=}
    engines: {node: '>=14.17'}
    hasBin: true
    dev: true

  /undici-types@5.26.5:
    resolution: {integrity: sha1-vNU5iT0AtW6WT9JlekhmsiGmVhc=}
    dev: true

  /uri-js@4.4.1:
    resolution: {integrity: sha1-mxpSWVIlhZ5V9mnZKPiMbFfyp34=}
    dependencies:
      punycode: 2.3.1
    dev: true

  /util-deprecate@1.0.2:
    resolution: {integrity: sha1-RQ1Nyfpw3nMnYvvS1KKJgUGaDM8=}
    dev: true

  /v8-to-istanbul@9.2.0:
    resolution: {integrity: sha1-LtdkSiRc3dg9Tgh7mzOz5i39EK0=}
    engines: {node: '>=10.12.0'}
    dependencies:
      '@jridgewell/trace-mapping': 0.3.23
      '@types/istanbul-lib-coverage': 2.0.6
      convert-source-map: 2.0.0
    dev: true

  /which@2.0.2:
    resolution: {integrity: sha1-fGqN0KY2oDJ+ELWckobu6T8/UbE=}
    engines: {node: '>= 8'}
    hasBin: true
    dependencies:
      isexe: 2.0.0
    dev: true

  /workerpool@6.2.1:
    resolution: {integrity: sha1-RvwVDBfYJrhqAI5aRQhlZ3fpw0M=}
    dev: true

  /wrap-ansi@7.0.0:
    resolution: {integrity: sha1-Z+FFz/UQpqaYS98RUpEdadLrnkM=}
    engines: {node: '>=10'}
    dependencies:
      ansi-styles: 4.3.0
      string-width: 4.2.3
      strip-ansi: 6.0.1
    dev: true

  /wrap-ansi@8.1.0:
    resolution: {integrity: sha1-VtwiNo7lcPrOG0mBmXXZuaXq0hQ=}
    engines: {node: '>=12'}
    dependencies:
      ansi-styles: 6.2.1
      string-width: 5.1.2
      strip-ansi: 7.1.0
    dev: true

  /wrappy@1.0.2:
    resolution: {integrity: sha1-tSQ9jz7BqjXxNkYFvA0QNuMKtp8=}
    dev: true

  /y18n@5.0.8:
    resolution: {integrity: sha1-f0k00PfKjFb5UxSTndzS3ZHOHVU=}
    engines: {node: '>=10'}
    dev: true

  /yallist@4.0.0:
    resolution: {integrity: sha1-m7knkNnA7/7GO+c1GeEaNQGaOnI=}
    dev: true

  /yargs-parser@20.2.4:
    resolution: {integrity: sha1-tCiQ8UVmeW+Fro46JSkNIF8VSlQ=}
    engines: {node: '>=10'}
    dev: true

  /yargs-parser@21.1.1:
    resolution: {integrity: sha1-kJa87r+ZDSG7MfqVFuDt4pSnfTU=}
    engines: {node: '>=12'}
    dev: true

  /yargs-unparser@2.0.0:
    resolution: {integrity: sha1-8TH5ImkRrl2a04xDL+gJNmwjJes=}
    engines: {node: '>=10'}
    dependencies:
      camelcase: 6.3.0
      decamelize: 4.0.0
      flat: 5.0.2
      is-plain-obj: 2.1.0
    dev: true

  /yargs@16.2.0:
    resolution: {integrity: sha1-HIK/D2tqZur85+8w43b0mhJHf2Y=}
    engines: {node: '>=10'}
    dependencies:
      cliui: 7.0.4
      escalade: 3.1.2
      get-caller-file: 2.0.5
      require-directory: 2.1.1
      string-width: 4.2.3
      y18n: 5.0.8
      yargs-parser: 20.2.4
    dev: true

  /yargs@17.7.2:
    resolution: {integrity: sha1-mR3zmspnWhkrgW4eA2P5110qomk=}
    engines: {node: '>=12'}
    dependencies:
      cliui: 8.0.1
      escalade: 3.1.2
      get-caller-file: 2.0.5
      require-directory: 2.1.1
      string-width: 4.2.3
      y18n: 5.0.8
      yargs-parser: 21.1.1
    dev: true

  /yocto-queue@0.1.0:
    resolution: {integrity: sha1-ApTrPe4FAo0x7hpfosVWpqrxChs=}
    engines: {node: '>=10'}
    dev: true
